
Microsoft Visual Studio Solution File, Format Version 11.00
# Visual Studio 2010
Project("{FAE04EC0-301F-11D3-BF4B-00C04F79EFBC}") = "ProteinTrackerAndroid", "ProteinTrackerAndroid\ProteinTrackerAndroid.csproj", "{5ACF93CD-C3E2-4457-8732-B6CC5249D5B3}"
EndProject
Global
	GlobalSection(SolutionConfigurationPlatforms) = preSolution
		Debug|Any CPU = Debug|Any CPU
		Release|Any CPU = Release|Any CPU
	EndGlobalSection
	GlobalSection(ProjectConfigurationPlatforms) = postSolution
		{5ACF93CD-C3E2-4457-8732-B6CC5249D5B3}.Debug|Any CPU.ActiveCfg = Debug|Any CPU
		{5ACF93CD-C3E2-4457-8732-B6CC5249D5B3}.Debug|Any CPU.Build.0 = Debug|Any CPU
		{5ACF93CD-C3E2-4457-8732-B6CC5249D5B3}.Release|Any CPU.ActiveCfg = Release|Any CPU
		{5ACF93CD-C3E2-4457-8732-B6CC5249D5B3}.Release|Any CPU.Build.0 = Release|Any CPU
	EndGlobalSection
	GlobalSection(MonoDevelopProperties) = preSolution
		StartupItem = ProteinTrackerAndroid\ProteinTrackerAndroid.csproj
	EndGlobalSection
EndGlobal
